
Microsoft Visual Studio Solution File, Format Version 12.00
# Visual Studio Version 17
VisualStudioVersion = 17.0.31903.59
MinimumVisualStudioVersion = 10.0.40219.1
Project("{2150E333-8FDC-42A3-9474-1A3956D46DE8}") = "src", "src", "{827E0CD3-B72D-47B6-A68D-7590B98EB39B}"
EndProject
Project("{2150E333-8FDC-42A3-9474-1A3956D46DE8}") = "Shared", "Shared", "{C8E42992-5E42-0C2B-DBFE-AA848D06431C}"
EndProject
Project("{FAE04EC0-301F-11D3-BF4B-00C04F79EFBC}") = "FinanceMove.Shared", "src\Shared\FinanceMove.Shared.csproj", "{1408073F-556C-4B68-832A-45DC598AE797}"
EndProject
Project("{2150E333-8FDC-42A3-9474-1A3956D46DE8}") = "Modules", "Modules", "{EC447DCF-ABFA-6E24-52A5-D7FD48A5C558}"
EndProject
Project("{2150E333-8FDC-42A3-9474-1A3956D46DE8}") = "Identity", "Identity", "{0EC62A1A-9858-3A60-8A0C-FC9AACFA2EC7}"
EndProject
Project("{2150E333-8FDC-42A3-9474-1A3956D46DE8}") = "Identity.Contracts", "Identity.Contracts", "{52C0A9D0-28D5-F19B-C3AF-CE03E45B58D7}"
EndProject
Project("{FAE04EC0-301F-11D3-BF4B-00C04F79EFBC}") = "FinanceMove.Modules.Identity.Contracts", "src\Modules\Identity\Identity.Contracts\FinanceMove.Modules.Identity.Contracts.csproj", "{F2A9697E-51FA-4810-A81D-AECF4F32D1E4}"
EndProject
Project("{2150E333-8FDC-42A3-9474-1A3956D46DE8}") = "Identity", "Identity", "{DB800280-5B86-BAD6-BF3A-B9C8554A4740}"
EndProject
Project("{FAE04EC0-301F-11D3-BF4B-00C04F79EFBC}") = "FinanceMove.Modules.Identity", "src\Modules\Identity\Identity\FinanceMove.Modules.Identity.csproj", "{36B18FD9-332B-46F7-A2CB-35F2B3185DAD}"
EndProject
Project("{2150E333-8FDC-42A3-9474-1A3956D46DE8}") = "Accounts", "Accounts", "{AB43F588-E49B-60AD-8B9A-B0B6B2EE6BE9}"
EndProject
Project("{2150E333-8FDC-42A3-9474-1A3956D46DE8}") = "Accounts.Contracts", "Accounts.Contracts", "{81785AA8-01D3-2554-A52C-1D2737184975}"
EndProject
Project("{FAE04EC0-301F-11D3-BF4B-00C04F79EFBC}") = "FinanceMove.Modules.Accounts.Contracts", "src\Modules\Accounts\Accounts.Contracts\FinanceMove.Modules.Accounts.Contracts.csproj", "{F1E3BE84-34FF-45D5-9EC1-F71AB860DB54}"
EndProject
Project("{2150E333-8FDC-42A3-9474-1A3956D46DE8}") = "Accounts", "Accounts", "{8A187259-84E7-5695-6EEB-BC1CBD808284}"
EndProject
Project("{FAE04EC0-301F-11D3-BF4B-00C04F79EFBC}") = "FinanceMove.Modules.Accounts", "src\Modules\Accounts\Accounts\FinanceMove.Modules.Accounts.csproj", "{92C7D442-C707-4438-8491-E9F9C01DC2F4}"
EndProject
Project("{2150E333-8FDC-42A3-9474-1A3956D46DE8}") = "Transactions", "Transactions", "{077066FD-0F7A-9788-8819-CD64541064BC}"
EndProject
Project("{2150E333-8FDC-42A3-9474-1A3956D46DE8}") = "Transactions.Contracts", "Transactions.Contracts", "{FCE53CBB-DAB9-0D9F-A14C-E4ECA5DFA412}"
EndProject
Project("{FAE04EC0-301F-11D3-BF4B-00C04F79EFBC}") = "FinanceMove.Modules.Transactions.Contracts", "src\Modules\Transactions\Transactions.Contracts\FinanceMove.Modules.Transactions.Contracts.csproj", "{398151B8-3D9F-423B-A322-4E2A6DDC39AA}"
EndProject
Project("{2150E333-8FDC-42A3-9474-1A3956D46DE8}") = "Transactions", "Transactions", "{ED8903EC-3233-BCD6-6A9A-E08D8814E3CF}"
EndProject
Project("{FAE04EC0-301F-11D3-BF4B-00C04F79EFBC}") = "FinanceMove.Modules.Transactions", "src\Modules\Transactions\Transactions\FinanceMove.Modules.Transactions.csproj", "{B17659C3-A2BA-4DAE-B7B6-37FE5E57FCF4}"
EndProject
Project("{2150E333-8FDC-42A3-9474-1A3956D46DE8}") = "Budget", "Budget", "{42D7540D-CC14-92D8-1975-E74652C647BF}"
EndProject
Project("{2150E333-8FDC-42A3-9474-1A3956D46DE8}") = "Budget.Contracts", "Budget.Contracts", "{627620A0-09F0-BE6E-D271-0E1B112F569A}"
EndProject
Project("{FAE04EC0-301F-11D3-BF4B-00C04F79EFBC}") = "FinanceMove.Modules.Budget.Contracts", "src\Modules\Budget\Budget.Contracts\FinanceMove.Modules.Budget.Contracts.csproj", "{59D09CBA-D054-4F07-82E9-6B34E61C60BE}"
EndProject
Project("{2150E333-8FDC-42A3-9474-1A3956D46DE8}") = "Budget", "Budget", "{51A2A834-CFFD-7FE1-97C5-E05A45D4347A}"
EndProject
Project("{FAE04EC0-301F-11D3-BF4B-00C04F79EFBC}") = "FinanceMove.Modules.Budget", "src\Modules\Budget\Budget\FinanceMove.Modules.Budget.csproj", "{EE8C2C39-61DC-42AF-B0DF-A2BF876D33CE}"
EndProject
Project("{2150E333-8FDC-42A3-9474-1A3956D46DE8}") = "Api", "Api", "{81034408-37C8-1011-444E-4C15C2FADA8E}"
EndProject
Project("{FAE04EC0-301F-11D3-BF4B-00C04F79EFBC}") = "FinanceMove.Api", "src\Api\FinanceMove.Api.csproj", "{C6625CA3-8762-4DA5-9C5E-F56CBE4FE5A4}"
EndProject
Project("{2150E333-8FDC-42A3-9474-1A3956D46DE8}") = "tests", "tests", "{0AB3BF05-4346-4AA6-1389-037BE0695223}"
EndProject
Project("{2150E333-8FDC-42A3-9474-1A3956D46DE8}") = "UnitTests", "UnitTests", "{394A81D9-3C45-9818-BB26-23F2B85056FF}"
EndProject
Project("{FAE04EC0-301F-11D3-BF4B-00C04F79EFBC}") = "FinanceMove.UnitTests", "tests\UnitTests\FinanceMove.UnitTests.csproj", "{199C96B9-A483-4487-8286-C616E2E1B014}"
EndProject
Project("{2150E333-8FDC-42A3-9474-1A3956D46DE8}") = "IntegrationTests", "IntegrationTests", "{30785934-E017-5D9F-2777-3D61460A5281}"
EndProject
Project("{FAE04EC0-301F-11D3-BF4B-00C04F79EFBC}") = "FinanceMove.IntegrationTests", "tests\IntegrationTests\FinanceMove.IntegrationTests.csproj", "{77F7EFCC-C926-4474-BAAA-C04D0C9CBEF4}"
EndProject
Global
	GlobalSection(SolutionConfigurationPlatforms) = preSolution
		Debug|Any CPU = Debug|Any CPU
		Debug|x64 = Debug|x64
		Debug|x86 = Debug|x86
		Release|Any CPU = Release|Any CPU
		Release|x64 = Release|x64
		Release|x86 = Release|x86
	EndGlobalSection
	GlobalSection(ProjectConfigurationPlatforms) = postSolution
		{1408073F-556C-4B68-832A-45DC598AE797}.Debug|Any CPU.ActiveCfg = Debug|Any CPU
		{1408073F-556C-4B68-832A-45DC598AE797}.Debug|Any CPU.Build.0 = Debug|Any CPU
		{1408073F-556C-4B68-832A-45DC598AE797}.Debug|x64.ActiveCfg = Debug|Any CPU
		{1408073F-556C-4B68-832A-45DC598AE797}.Debug|x64.Build.0 = Debug|Any CPU
		{1408073F-556C-4B68-832A-45DC598AE797}.Debug|x86.ActiveCfg = Debug|Any CPU
		{1408073F-556C-4B68-832A-45DC598AE797}.Debug|x86.Build.0 = Debug|Any CPU
		{1408073F-556C-4B68-832A-45DC598AE797}.Release|Any CPU.ActiveCfg = Release|Any CPU
		{1408073F-556C-4B68-832A-45DC598AE797}.Release|Any CPU.Build.0 = Release|Any CPU
		{1408073F-556C-4B68-832A-45DC598AE797}.Release|x64.ActiveCfg = Release|Any CPU
		{1408073F-556C-4B68-832A-45DC598AE797}.Release|x64.Build.0 = Release|Any CPU
		{1408073F-556C-4B68-832A-45DC598AE797}.Release|x86.ActiveCfg = Release|Any CPU
		{1408073F-556C-4B68-832A-45DC598AE797}.Release|x86.Build.0 = Release|Any CPU
		{F2A9697E-51FA-4810-A81D-AECF4F32D1E4}.Debug|Any CPU.ActiveCfg = Debug|Any CPU
		{F2A9697E-51FA-4810-A81D-AECF4F32D1E4}.Debug|Any CPU.Build.0 = Debug|Any CPU
		{F2A9697E-51FA-4810-A81D-AECF4F32D1E4}.Debug|x64.ActiveCfg = Debug|Any CPU
		{F2A9697E-51FA-4810-A81D-AECF4F32D1E4}.Debug|x64.Build.0 = Debug|Any CPU
		{F2A9697E-51FA-4810-A81D-AECF4F32D1E4}.Debug|x86.ActiveCfg = Debug|Any CPU
		{F2A9697E-51FA-4810-A81D-AECF4F32D1E4}.Debug|x86.Build.0 = Debug|Any CPU
		{F2A9697E-51FA-4810-A81D-AECF4F32D1E4}.Release|Any CPU.ActiveCfg = Release|Any CPU
		{F2A9697E-51FA-4810-A81D-AECF4F32D1E4}.Release|Any CPU.Build.0 = Release|Any CPU
		{F2A9697E-51FA-4810-A81D-AECF4F32D1E4}.Release|x64.ActiveCfg = Release|Any CPU
		{F2A9697E-51FA-4810-A81D-AECF4F32D1E4}.Release|x64.Build.0 = Release|Any CPU
		{F2A9697E-51FA-4810-A81D-AECF4F32D1E4}.Release|x86.ActiveCfg = Release|Any CPU
		{F2A9697E-51FA-4810-A81D-AECF4F32D1E4}.Release|x86.Build.0 = Release|Any CPU
		{36B18FD9-332B-46F7-A2CB-35F2B3185DAD}.Debug|Any CPU.ActiveCfg = Debug|Any CPU
		{36B18FD9-332B-46F7-A2CB-35F2B3185DAD}.Debug|Any CPU.Build.0 = Debug|Any CPU
		{36B18FD9-332B-46F7-A2CB-35F2B3185DAD}.Debug|x64.ActiveCfg = Debug|Any CPU
		{36B18FD9-332B-46F7-A2CB-35F2B3185DAD}.Debug|x64.Build.0 = Debug|Any CPU
		{36B18FD9-332B-46F7-A2CB-35F2B3185DAD}.Debug|x86.ActiveCfg = Debug|Any CPU
		{36B18FD9-332B-46F7-A2CB-35F2B3185DAD}.Debug|x86.Build.0 = Debug|Any CPU
		{36B18FD9-332B-46F7-A2CB-35F2B3185DAD}.Release|Any CPU.ActiveCfg = Release|Any CPU
		{36B18FD9-332B-46F7-A2CB-35F2B3185DAD}.Release|Any CPU.Build.0 = Release|Any CPU
		{36B18FD9-332B-46F7-A2CB-35F2B3185DAD}.Release|x64.ActiveCfg = Release|Any CPU
		{36B18FD9-332B-46F7-A2CB-35F2B3185DAD}.Release|x64.Build.0 = Release|Any CPU
		{36B18FD9-332B-46F7-A2CB-35F2B3185DAD}.Release|x86.ActiveCfg = Release|Any CPU
		{36B18FD9-332B-46F7-A2CB-35F2B3185DAD}.Release|x86.Build.0 = Release|Any CPU
		{F1E3BE84-34FF-45D5-9EC1-F71AB860DB54}.Debug|Any CPU.ActiveCfg = Debug|Any CPU
		{F1E3BE84-34FF-45D5-9EC1-F71AB860DB54}.Debug|Any CPU.Build.0 = Debug|Any CPU
		{F1E3BE84-34FF-45D5-9EC1-F71AB860DB54}.Debug|x64.ActiveCfg = Debug|Any CPU
		{F1E3BE84-34FF-45D5-9EC1-F71AB860DB54}.Debug|x64.Build.0 = Debug|Any CPU
		{F1E3BE84-34FF-45D5-9EC1-F71AB860DB54}.Debug|x86.ActiveCfg = Debug|Any CPU
		{F1E3BE84-34FF-45D5-9EC1-F71AB860DB54}.Debug|x86.Build.0 = Debug|Any CPU
		{F1E3BE84-34FF-45D5-9EC1-F71AB860DB54}.Release|Any CPU.ActiveCfg = Release|Any CPU
		{F1E3BE84-34FF-45D5-9EC1-F71AB860DB54}.Release|Any CPU.Build.0 = Release|Any CPU
		{F1E3BE84-34FF-45D5-9EC1-F71AB860DB54}.Release|x64.ActiveCfg = Release|Any CPU
		{F1E3BE84-34FF-45D5-9EC1-F71AB860DB54}.Release|x64.Build.0 = Release|Any CPU
		{F1E3BE84-34FF-45D5-9EC1-F71AB860DB54}.Release|x86.ActiveCfg = Release|Any CPU
		{F1E3BE84-34FF-45D5-9EC1-F71AB860DB54}.Release|x86.Build.0 = Release|Any CPU
		{92C7D442-C707-4438-8491-E9F9C01DC2F4}.Debug|Any CPU.ActiveCfg = Debug|Any CPU
		{92C7D442-C707-4438-8491-E9F9C01DC2F4}.Debug|Any CPU.Build.0 = Debug|Any CPU
		{92C7D442-C707-4438-8491-E9F9C01DC2F4}.Debug|x64.ActiveCfg = Debug|Any CPU
		{92C7D442-C707-4438-8491-E9F9C01DC2F4}.Debug|x64.Build.0 = Debug|Any CPU
		{92C7D442-C707-4438-8491-E9F9C01DC2F4}.Debug|x86.ActiveCfg = Debug|Any CPU
		{92C7D442-C707-4438-8491-E9F9C01DC2F4}.Debug|x86.Build.0 = Debug|Any CPU
		{92C7D442-C707-4438-8491-E9F9C01DC2F4}.Release|Any CPU.ActiveCfg = Release|Any CPU
		{92C7D442-C707-4438-8491-E9F9C01DC2F4}.Release|Any CPU.Build.0 = Release|Any CPU
		{92C7D442-C707-4438-8491-E9F9C01DC2F4}.Release|x64.ActiveCfg = Release|Any CPU
		{92C7D442-C707-4438-8491-E9F9C01DC2F4}.Release|x64.Build.0 = Release|Any CPU
		{92C7D442-C707-4438-8491-E9F9C01DC2F4}.Release|x86.ActiveCfg = Release|Any CPU
		{92C7D442-C707-4438-8491-E9F9C01DC2F4}.Release|x86.Build.0 = Release|Any CPU
		{398151B8-3D9F-423B-A322-4E2A6DDC39AA}.Debug|Any CPU.ActiveCfg = Debug|Any CPU
		{398151B8-3D9F-423B-A322-4E2A6DDC39AA}.Debug|Any CPU.Build.0 = Debug|Any CPU
		{398151B8-3D9F-423B-A322-4E2A6DDC39AA}.Debug|x64.ActiveCfg = Debug|Any CPU
		{398151B8-3D9F-423B-A322-4E2A6DDC39AA}.Debug|x64.Build.0 = Debug|Any CPU
		{398151B8-3D9F-423B-A322-4E2A6DDC39AA}.Debug|x86.ActiveCfg = Debug|Any CPU
		{398151B8-3D9F-423B-A322-4E2A6DDC39AA}.Debug|x86.Build.0 = Debug|Any CPU
		{398151B8-3D9F-423B-A322-4E2A6DDC39AA}.Release|Any CPU.ActiveCfg = Release|Any CPU
		{398151B8-3D9F-423B-A322-4E2A6DDC39AA}.Release|Any CPU.Build.0 = Release|Any CPU
		{398151B8-3D9F-423B-A322-4E2A6DDC39AA}.Release|x64.ActiveCfg = Release|Any CPU
		{398151B8-3D9F-423B-A322-4E2A6DDC39AA}.Release|x64.Build.0 = Release|Any CPU
		{398151B8-3D9F-423B-A322-4E2A6DDC39AA}.Release|x86.ActiveCfg = Release|Any CPU
		{398151B8-3D9F-423B-A322-4E2A6DDC39AA}.Release|x86.Build.0 = Release|Any CPU
		{B17659C3-A2BA-4DAE-B7B6-37FE5E57FCF4}.Debug|Any CPU.ActiveCfg = Debug|Any CPU
		{B17659C3-A2BA-4DAE-B7B6-37FE5E57FCF4}.Debug|Any CPU.Build.0 = Debug|Any CPU
		{B17659C3-A2BA-4DAE-B7B6-37FE5E57FCF4}.Debug|x64.ActiveCfg = Debug|Any CPU
		{B17659C3-A2BA-4DAE-B7B6-37FE5E57FCF4}.Debug|x64.Build.0 = Debug|Any CPU
		{B17659C3-A2BA-4DAE-B7B6-37FE5E57FCF4}.Debug|x86.ActiveCfg = Debug|Any CPU
		{B17659C3-A2BA-4DAE-B7B6-37FE5E57FCF4}.Debug|x86.Build.0 = Debug|Any CPU
		{B17659C3-A2BA-4DAE-B7B6-37FE5E57FCF4}.Release|Any CPU.ActiveCfg = Release|Any CPU
		{B17659C3-A2BA-4DAE-B7B6-37FE5E57FCF4}.Release|Any CPU.Build.0 = Release|Any CPU
		{B17659C3-A2BA-4DAE-B7B6-37FE5E57FCF4}.Release|x64.ActiveCfg = Release|Any CPU
		{B17659C3-A2BA-4DAE-B7B6-37FE5E57FCF4}.Release|x64.Build.0 = Release|Any CPU
		{B17659C3-A2BA-4DAE-B7B6-37FE5E57FCF4}.Release|x86.ActiveCfg = Release|Any CPU
		{B17659C3-A2BA-4DAE-B7B6-37FE5E57FCF4}.Release|x86.Build.0 = Release|Any CPU
		{59D09CBA-D054-4F07-82E9-6B34E61C60BE}.Debug|Any CPU.ActiveCfg = Debug|Any CPU
		{59D09CBA-D054-4F07-82E9-6B34E61C60BE}.Debug|Any CPU.Build.0 = Debug|Any CPU
		{59D09CBA-D054-4F07-82E9-6B34E61C60BE}.Debug|x64.ActiveCfg = Debug|Any CPU
		{59D09CBA-D054-4F07-82E9-6B34E61C60BE}.Debug|x64.Build.0 = Debug|Any CPU
		{59D09CBA-D054-4F07-82E9-6B34E61C60BE}.Debug|x86.ActiveCfg = Debug|Any CPU
		{59D09CBA-D054-4F07-82E9-6B34E61C60BE}.Debug|x86.Build.0 = Debug|Any CPU
		{59D09CBA-D054-4F07-82E9-6B34E61C60BE}.Release|Any CPU.ActiveCfg = Release|Any CPU
		{59D09CBA-D054-4F07-82E9-6B34E61C60BE}.Release|Any CPU.Build.0 = Release|Any CPU
		{59D09CBA-D054-4F07-82E9-6B34E61C60BE}.Release|x64.ActiveCfg = Release|Any CPU
		{59D09CBA-D054-4F07-82E9-6B34E61C60BE}.Release|x64.Build.0 = Release|Any CPU
		{59D09CBA-D054-4F07-82E9-6B34E61C60BE}.Release|x86.ActiveCfg = Release|Any CPU
		{59D09CBA-D054-4F07-82E9-6B34E61C60BE}.Release|x86.Build.0 = Release|Any CPU
		{EE8C2C39-61DC-42AF-B0DF-A2BF876D33CE}.Debug|Any CPU.ActiveCfg = Debug|Any CPU
		{EE8C2C39-61DC-42AF-B0DF-A2BF876D33CE}.Debug|Any CPU.Build.0 = Debug|Any CPU
		{EE8C2C39-61DC-42AF-B0DF-A2BF876D33CE}.Debug|x64.ActiveCfg = Debug|Any CPU
		{EE8C2C39-61DC-42AF-B0DF-A2BF876D33CE}.Debug|x64.Build.0 = Debug|Any CPU
		{EE8C2C39-61DC-42AF-B0DF-A2BF876D33CE}.Debug|x86.ActiveCfg = Debug|Any CPU
		{EE8C2C39-61DC-42AF-B0DF-A2BF876D33CE}.Debug|x86.Build.0 = Debug|Any CPU
		{EE8C2C39-61DC-42AF-B0DF-A2BF876D33CE}.Release|Any CPU.ActiveCfg = Release|Any CPU
		{EE8C2C39-61DC-42AF-B0DF-A2BF876D33CE}.Release|Any CPU.Build.0 = Release|Any CPU
		{EE8C2C39-61DC-42AF-B0DF-A2BF876D33CE}.Release|x64.ActiveCfg = Release|Any CPU
		{EE8C2C39-61DC-42AF-B0DF-A2BF876D33CE}.Release|x64.Build.0 = Release|Any CPU
		{EE8C2C39-61DC-42AF-B0DF-A2BF876D33CE}.Release|x86.ActiveCfg = Release|Any CPU
		{EE8C2C39-61DC-42AF-B0DF-A2BF876D33CE}.Release|x86.Build.0 = Release|Any CPU
		{C6625CA3-8762-4DA5-9C5E-F56CBE4FE5A4}.Debug|Any CPU.ActiveCfg = Debug|Any CPU
		{C6625CA3-8762-4DA5-9C5E-F56CBE4FE5A4}.Debug|Any CPU.Build.0 = Debug|Any CPU
		{C6625CA3-8762-4DA5-9C5E-F56CBE4FE5A4}.Debug|x64.ActiveCfg = Debug|Any CPU
		{C6625CA3-8762-4DA5-9C5E-F56CBE4FE5A4}.Debug|x64.Build.0 = Debug|Any CPU
		{C6625CA3-8762-4DA5-9C5E-F56CBE4FE5A4}.Debug|x86.ActiveCfg = Debug|Any CPU
		{C6625CA3-8762-4DA5-9C5E-F56CBE4FE5A4}.Debug|x86.Build.0 = Debug|Any CPU
		{C6625CA3-8762-4DA5-9C5E-F56CBE4FE5A4}.Release|Any CPU.ActiveCfg = Release|Any CPU
		{C6625CA3-8762-4DA5-9C5E-F56CBE4FE5A4}.Release|Any CPU.Build.0 = Release|Any CPU
		{C6625CA3-8762-4DA5-9C5E-F56CBE4FE5A4}.Release|x64.ActiveCfg = Release|Any CPU
		{C6625CA3-8762-4DA5-9C5E-F56CBE4FE5A4}.Release|x64.Build.0 = Release|Any CPU
		{C6625CA3-8762-4DA5-9C5E-F56CBE4FE5A4}.Release|x86.ActiveCfg = Release|Any CPU
		{C6625CA3-8762-4DA5-9C5E-F56CBE4FE5A4}.Release|x86.Build.0 = Release|Any CPU
		{199C96B9-A483-4487-8286-C616E2E1B014}.Debug|Any CPU.ActiveCfg = Debug|Any CPU
		{199C96B9-A483-4487-8286-C616E2E1B014}.Debug|Any CPU.Build.0 = Debug|Any CPU
		{199C96B9-A483-4487-8286-C616E2E1B014}.Debug|x64.ActiveCfg = Debug|Any CPU
		{199C96B9-A483-4487-8286-C616E2E1B014}.Debug|x64.Build.0 = Debug|Any CPU
		{199C96B9-A483-4487-8286-C616E2E1B014}.Debug|x86.ActiveCfg = Debug|Any CPU
		{199C96B9-A483-4487-8286-C616E2E1B014}.Debug|x86.Build.0 = Debug|Any CPU
		{199C96B9-A483-4487-8286-C616E2E1B014}.Release|Any CPU.ActiveCfg = Release|Any CPU
		{199C96B9-A483-4487-8286-C616E2E1B014}.Release|Any CPU.Build.0 = Release|Any CPU
		{199C96B9-A483-4487-8286-C616E2E1B014}.Release|x64.ActiveCfg = Release|Any CPU
		{199C96B9-A483-4487-8286-C616E2E1B014}.Release|x64.Build.0 = Release|Any CPU
		{199C96B9-A483-4487-8286-C616E2E1B014}.Release|x86.ActiveCfg = Release|Any CPU
		{199C96B9-A483-4487-8286-C616E2E1B014}.Release|x86.Build.0 = Release|Any CPU
		{77F7EFCC-C926-4474-BAAA-C04D0C9CBEF4}.Debug|Any CPU.ActiveCfg = Debug|Any CPU
		{77F7EFCC-C926-4474-BAAA-C04D0C9CBEF4}.Debug|Any CPU.Build.0 = Debug|Any CPU
		{77F7EFCC-C926-4474-BAAA-C04D0C9CBEF4}.Debug|x64.ActiveCfg = Debug|Any CPU
		{77F7EFCC-C926-4474-BAAA-C04D0C9CBEF4}.Debug|x64.Build.0 = Debug|Any CPU
		{77F7EFCC-C926-4474-BAAA-C04D0C9CBEF4}.Debug|x86.ActiveCfg = Debug|Any CPU
		{77F7EFCC-C926-4474-BAAA-C04D0C9CBEF4}.Debug|x86.Build.0 = Debug|Any CPU
		{77F7EFCC-C926-4474-BAAA-C04D0C9CBEF4}.Release|Any CPU.ActiveCfg = Release|Any CPU
		{77F7EFCC-C926-4474-BAAA-C04D0C9CBEF4}.Release|Any CPU.Build.0 = Release|Any CPU
		{77F7EFCC-C926-4474-BAAA-C04D0C9CBEF4}.Release|x64.ActiveCfg = Release|Any CPU
		{77F7EFCC-C926-4474-BAAA-C04D0C9CBEF4}.Release|x64.Build.0 = Release|Any CPU
		{77F7EFCC-C926-4474-BAAA-C04D0C9CBEF4}.Release|x86.ActiveCfg = Release|Any CPU
		{77F7EFCC-C926-4474-BAAA-C04D0C9CBEF4}.Release|x86.Build.0 = Release|Any CPU
	EndGlobalSection
	GlobalSection(SolutionProperties) = preSolution
		HideSolutionNode = FALSE
	EndGlobalSection
	GlobalSection(NestedProjects) = preSolution
		{C8E42992-5E42-0C2B-DBFE-AA848D06431C} = {827E0CD3-B72D-47B6-A68D-7590B98EB39B}
		{1408073F-556C-4B68-832A-45DC598AE797} = {C8E42992-5E42-0C2B-DBFE-AA848D06431C}
		{EC447DCF-ABFA-6E24-52A5-D7FD48A5C558} = {827E0CD3-B72D-47B6-A68D-7590B98EB39B}
		{0EC62A1A-9858-3A60-8A0C-FC9AACFA2EC7} = {EC447DCF-ABFA-6E24-52A5-D7FD48A5C558}
		{52C0A9D0-28D5-F19B-C3AF-CE03E45B58D7} = {0EC62A1A-9858-3A60-8A0C-FC9AACFA2EC7}
		{F2A9697E-51FA-4810-A81D-AECF4F32D1E4} = {52C0A9D0-28D5-F19B-C3AF-CE03E45B58D7}
		{DB800280-5B86-BAD6-BF3A-B9C8554A4740} = {0EC62A1A-9858-3A60-8A0C-FC9AACFA2EC7}
		{36B18FD9-332B-46F7-A2CB-35F2B3185DAD} = {DB800280-5B86-BAD6-BF3A-B9C8554A4740}
		{AB43F588-E49B-60AD-8B9A-B0B6B2EE6BE9} = {EC447DCF-ABFA-6E24-52A5-D7FD48A5C558}
		{81785AA8-01D3-2554-A52C-1D2737184975} = {AB43F588-E49B-60AD-8B9A-B0B6B2EE6BE9}
		{F1E3BE84-34FF-45D5-9EC1-F71AB860DB54} = {81785AA8-01D3-2554-A52C-1D2737184975}
		{8A187259-84E7-5695-6EEB-BC1CBD808284} = {AB43F588-E49B-60AD-8B9A-B0B6B2EE6BE9}
		{92C7D442-C707-4438-8491-E9F9C01DC2F4} = {8A187259-84E7-5695-6EEB-BC1CBD808284}
		{077066FD-0F7A-9788-8819-CD64541064BC} = {EC447DCF-ABFA-6E24-52A5-D7FD48A5C558}
		{FCE53CBB-DAB9-0D9F-A14C-E4ECA5DFA412} = {077066FD-0F7A-9788-8819-CD64541064BC}
		{398151B8-3D9F-423B-A322-4E2A6DDC39AA} = {FCE53CBB-DAB9-0D9F-A14C-E4ECA5DFA412}
		{ED8903EC-3233-BCD6-6A9A-E08D8814E3CF} = {077066FD-0F7A-9788-8819-CD64541064BC}
		{B17659C3-A2BA-4DAE-B7B6-37FE5E57FCF4} = {ED8903EC-3233-BCD6-6A9A-E08D8814E3CF}
		{42D7540D-CC14-92D8-1975-E74652C647BF} = {EC447DCF-ABFA-6E24-52A5-D7FD48A5C558}
		{627620A0-09F0-BE6E-D271-0E1B112F569A} = {42D7540D-CC14-92D8-1975-E74652C647BF}
		{59D09CBA-D054-4F07-82E9-6B34E61C60BE} = {627620A0-09F0-BE6E-D271-0E1B112F569A}
		{51A2A834-CFFD-7FE1-97C5-E05A45D4347A} = {42D7540D-CC14-92D8-1975-E74652C647BF}
		{EE8C2C39-61DC-42AF-B0DF-A2BF876D33CE} = {51A2A834-CFFD-7FE1-97C5-E05A45D4347A}
		{81034408-37C8-1011-444E-4C15C2FADA8E} = {827E0CD3-B72D-47B6-A68D-7590B98EB39B}
		{C6625CA3-8762-4DA5-9C5E-F56CBE4FE5A4} = {81034408-37C8-1011-444E-4C15C2FADA8E}
		{394A81D9-3C45-9818-BB26-23F2B85056FF} = {0AB3BF05-4346-4AA6-1389-037BE0695223}
		{199C96B9-A483-4487-8286-C616E2E1B014} = {394A81D9-3C45-9818-BB26-23F2B85056FF}
		{30785934-E017-5D9F-2777-3D61460A5281} = {0AB3BF05-4346-4AA6-1389-037BE0695223}
		{77F7EFCC-C926-4474-BAAA-C04D0C9CBEF4} = {30785934-E017-5D9F-2777-3D61460A5281}
	EndGlobalSection
EndGlobal
